# Generated by pub
# See http://dart-lang.github.io/pub-tools/generated-files

# This file locks dependencies for packages used by this app.
# This file should be checked in to your version control system.
#
# To regenerate this file, run `flutter pub get`

packages:
  flutter_blue_plus:
    dependency: "flutter_blue_plus"
    source: hosted
    version: "1.31.4"
  permission_handler:
    dependency: "permission_handler"
    source: hosted
    version: "11.1.0"
  intl:
    dependency: "intl"
    source: hosted
    version: "0.19.0"
  flutter:
    dependency: "flutter"
    source: sdk
    version: "0.0.0"

sdks:
  dart: ">=3.0.0 <4.0.0"
  flutter: ">=3.16.0"
